
Microsoft Visual Studio Solution File, Format Version 12.00
# Visual Studio Version 17
VisualStudioVersion = 17.7.34031.279
MinimumVisualStudioVersion = 10.0.40219.1
Project("{8BC9CEB8-8B4A-11D0-8D11-00A0C91BC942}") = "Problem4", "Problem4\Problem4.vcxproj", "{075C94C8-B5AA-4B24-9330-1D772C452D6E}"
EndProject
Global
	GlobalSection(SolutionConfigurationPlatforms) = preSolution
		Debug|x64 = Debug|x64
		Debug|x86 = Debug|x86
		Release|x64 = Release|x64
		Release|x86 = Release|x86
	EndGlobalSection
	GlobalSection(ProjectConfigurationPlatforms) = postSolution
		{075C94C8-B5AA-4B24-9330-1D772C452D6E}.Debug|x64.ActiveCfg = Debug|x64
		{075C94C8-B5AA-4B24-9330-1D772C452D6E}.Debug|x64.Build.0 = Debug|x64
		{075C94C8-B5AA-4B24-9330-1D772C452D6E}.Debug|x86.ActiveCfg = Debug|Win32
		{075C94C8-B5AA-4B24-9330-1D772C452D6E}.Debug|x86.Build.0 = Debug|Win32
		{075C94C8-B5AA-4B24-9330-1D772C452D6E}.Release|x64.ActiveCfg = Release|x64
		{075C94C8-B5AA-4B24-9330-1D772C452D6E}.Release|x64.Build.0 = Release|x64
		{075C94C8-B5AA-4B24-9330-1D772C452D6E}.Release|x86.ActiveCfg = Release|Win32
		{075C94C8-B5AA-4B24-9330-1D772C452D6E}.Release|x86.Build.0 = Release|Win32
	EndGlobalSection
	GlobalSection(SolutionProperties) = preSolution
		HideSolutionNode = FALSE
	EndGlobalSection
	GlobalSection(ExtensibilityGlobals) = postSolution
		SolutionGuid = {8F724212-EB22-4C7A-976A-ACBC9EBB011A}
	EndGlobalSection
EndGlobal
