
Microsoft Visual Studio Solution File, Format Version 12.00
# Visual Studio Version 17
VisualStudioVersion = 17.7.34031.279
MinimumVisualStudioVersion = 10.0.40219.1
Project("{8BC9CEB8-8B4A-11D0-8D11-00A0C91BC942}") = "Problem2", "Problem2\Problem2.vcxproj", "{CC4125B6-DBC3-4F91-A9DE-6E78FACC3C18}"
EndProject
Global
	GlobalSection(SolutionConfigurationPlatforms) = preSolution
		Debug|x64 = Debug|x64
		Debug|x86 = Debug|x86
		Release|x64 = Release|x64
		Release|x86 = Release|x86
	EndGlobalSection
	GlobalSection(ProjectConfigurationPlatforms) = postSolution
		{CC4125B6-DBC3-4F91-A9DE-6E78FACC3C18}.Debug|x64.ActiveCfg = Debug|x64
		{CC4125B6-DBC3-4F91-A9DE-6E78FACC3C18}.Debug|x64.Build.0 = Debug|x64
		{CC4125B6-DBC3-4F91-A9DE-6E78FACC3C18}.Debug|x86.ActiveCfg = Debug|Win32
		{CC4125B6-DBC3-4F91-A9DE-6E78FACC3C18}.Debug|x86.Build.0 = Debug|Win32
		{CC4125B6-DBC3-4F91-A9DE-6E78FACC3C18}.Release|x64.ActiveCfg = Release|x64
		{CC4125B6-DBC3-4F91-A9DE-6E78FACC3C18}.Release|x64.Build.0 = Release|x64
		{CC4125B6-DBC3-4F91-A9DE-6E78FACC3C18}.Release|x86.ActiveCfg = Release|Win32
		{CC4125B6-DBC3-4F91-A9DE-6E78FACC3C18}.Release|x86.Build.0 = Release|Win32
	EndGlobalSection
	GlobalSection(SolutionProperties) = preSolution
		HideSolutionNode = FALSE
	EndGlobalSection
	GlobalSection(ExtensibilityGlobals) = postSolution
		SolutionGuid = {334FDD45-7DA5-42D9-9B48-CD0CF157B062}
	EndGlobalSection
EndGlobal
